
Microsoft Visual Studio Solution File, Format Version 12.00
# Visual Studio 15
VisualStudioVersion = 15.0.27703.2026
MinimumVisualStudioVersion = 10.0.40219.1
Project("{E24C65DC-7377-472B-9ABA-BC803B73C61A}") = "WebSite8", "WebSite8\", "{F4A8680C-406B-428F-A339-55D523C00D56}"
	ProjectSection(WebsiteProperties) = preProject
		TargetFrameworkMoniker = ".NETFramework,Version%3Dv4.6.1"
		Debug.AspNetCompiler.VirtualPath = "/localhost_39147"
		Debug.AspNetCompiler.PhysicalPath = "WebSite8\"
		Debug.AspNetCompiler.TargetPath = "PrecompiledWeb\localhost_39147\"
		Debug.AspNetCompiler.Updateable = "true"
		Debug.AspNetCompiler.ForceOverwrite = "true"
		Debug.AspNetCompiler.FixedNames = "false"
		Debug.AspNetCompiler.Debug = "True"
		Release.AspNetCompiler.VirtualPath = "/localhost_39147"
		Release.AspNetCompiler.PhysicalPath = "WebSite8\"
		Release.AspNetCompiler.TargetPath = "PrecompiledWeb\localhost_39147\"
		Release.AspNetCompiler.Updateable = "true"
		Release.AspNetCompiler.ForceOverwrite = "true"
		Release.AspNetCompiler.FixedNames = "false"
		Release.AspNetCompiler.Debug = "False"
		VWDPort = "39147"
		SlnRelativePath = "WebSite8\"
		DefaultWebSiteLanguage = "Visual C#"
	EndProjectSection
EndProject
Global
	GlobalSection(SolutionConfigurationPlatforms) = preSolution
		Debug|Any CPU = Debug|Any CPU
	EndGlobalSection
	GlobalSection(ProjectConfigurationPlatforms) = postSolution
		{F4A8680C-406B-428F-A339-55D523C00D56}.Debug|Any CPU.ActiveCfg = Debug|Any CPU
		{F4A8680C-406B-428F-A339-55D523C00D56}.Debug|Any CPU.Build.0 = Debug|Any CPU
	EndGlobalSection
	GlobalSection(SolutionProperties) = preSolution
		HideSolutionNode = FALSE
	EndGlobalSection
	GlobalSection(ExtensibilityGlobals) = postSolution
		SolutionGuid = {C1834D53-B1E2-44F1-84EE-F4B2721043A8}
	EndGlobalSection
EndGlobal
